
Microsoft Visual Studio Solution File, Format Version 11.00
# Visual Studio 2010
Project("{FAE04EC0-301F-11D3-BF4B-00C04F79EFBC}") = "VR_ENJMIN", "Assembly-CSharp.csproj", "{CEA7F238-D9A7-F0FF-58E3-CE26915553AC}"
EndProject
Project("{FAE04EC0-301F-11D3-BF4B-00C04F79EFBC}") = "VR_ENJMIN", "Assembly-CSharp-Editor.csproj", "{3F5E7517-B352-8DC1-D996-93F7293E9977}"
EndProject
Global
	GlobalSection(SolutionConfigurationPlatforms) = preSolution
		Debug|Any CPU = Debug|Any CPU
		Release|Any CPU = Release|Any CPU
	EndGlobalSection
	GlobalSection(ProjectConfigurationPlatforms) = postSolution
		{CEA7F238-D9A7-F0FF-58E3-CE26915553AC}.Debug|Any CPU.ActiveCfg = Debug|Any CPU
		{CEA7F238-D9A7-F0FF-58E3-CE26915553AC}.Debug|Any CPU.Build.0 = Debug|Any CPU
		{CEA7F238-D9A7-F0FF-58E3-CE26915553AC}.Release|Any CPU.ActiveCfg = Release|Any CPU
		{CEA7F238-D9A7-F0FF-58E3-CE26915553AC}.Release|Any CPU.Build.0 = Release|Any CPU
		{3F5E7517-B352-8DC1-D996-93F7293E9977}.Debug|Any CPU.ActiveCfg = Debug|Any CPU
		{3F5E7517-B352-8DC1-D996-93F7293E9977}.Debug|Any CPU.Build.0 = Debug|Any CPU
		{3F5E7517-B352-8DC1-D996-93F7293E9977}.Release|Any CPU.ActiveCfg = Release|Any CPU
		{3F5E7517-B352-8DC1-D996-93F7293E9977}.Release|Any CPU.Build.0 = Release|Any CPU
	EndGlobalSection
	GlobalSection(SolutionProperties) = preSolution
		HideSolutionNode = FALSE
	EndGlobalSection
	GlobalSection(MonoDevelopProperties) = preSolution
		StartupItem = Assembly-CSharp.csproj
	EndGlobalSection
EndGlobal
